
Microsoft Visual Studio Solution File, Format Version 12.00
# Visual Studio 15
VisualStudioVersion = 15.0.28307.902
MinimumVisualStudioVersion = 10.0.40219.1
Project("{9A19103F-16F7-4668-BE54-9A1E7A4F7556}") = "API.Viagem.Infrastructure", "API.AssistCard.Infrastructure\API.Viagem.Infrastructure.csproj", "{23B888E0-5C1F-49F2-81AD-8B073B9FB79E}"
EndProject
Project("{9A19103F-16F7-4668-BE54-9A1E7A4F7556}") = "API.Viagem.Domain", "API.AssistCard.Domain\API.Viagem.Domain.csproj", "{2848B558-6A1E-4B3A-A22E-C7A8229325A0}"
EndProject
Project("{9A19103F-16F7-4668-BE54-9A1E7A4F7556}") = "API.Viagem.Web", "API.AssistCard.Web\API.Viagem.Web.csproj", "{75E48A6D-6046-462F-8FE0-26C6673CE222}"
EndProject
Global
	GlobalSection(SolutionConfigurationPlatforms) = preSolution
		Debug|Any CPU = Debug|Any CPU
		Release|Any CPU = Release|Any CPU
	EndGlobalSection
	GlobalSection(ProjectConfigurationPlatforms) = postSolution
		{23B888E0-5C1F-49F2-81AD-8B073B9FB79E}.Debug|Any CPU.ActiveCfg = Debug|Any CPU
		{23B888E0-5C1F-49F2-81AD-8B073B9FB79E}.Debug|Any CPU.Build.0 = Debug|Any CPU
		{23B888E0-5C1F-49F2-81AD-8B073B9FB79E}.Release|Any CPU.ActiveCfg = Release|Any CPU
		{23B888E0-5C1F-49F2-81AD-8B073B9FB79E}.Release|Any CPU.Build.0 = Release|Any CPU
		{2848B558-6A1E-4B3A-A22E-C7A8229325A0}.Debug|Any CPU.ActiveCfg = Debug|Any CPU
		{2848B558-6A1E-4B3A-A22E-C7A8229325A0}.Debug|Any CPU.Build.0 = Debug|Any CPU
		{2848B558-6A1E-4B3A-A22E-C7A8229325A0}.Release|Any CPU.ActiveCfg = Release|Any CPU
		{2848B558-6A1E-4B3A-A22E-C7A8229325A0}.Release|Any CPU.Build.0 = Release|Any CPU
		{75E48A6D-6046-462F-8FE0-26C6673CE222}.Debug|Any CPU.ActiveCfg = Debug|Any CPU
		{75E48A6D-6046-462F-8FE0-26C6673CE222}.Debug|Any CPU.Build.0 = Debug|Any CPU
		{75E48A6D-6046-462F-8FE0-26C6673CE222}.Release|Any CPU.ActiveCfg = Release|Any CPU
		{75E48A6D-6046-462F-8FE0-26C6673CE222}.Release|Any CPU.Build.0 = Release|Any CPU
	EndGlobalSection
	GlobalSection(SolutionProperties) = preSolution
		HideSolutionNode = FALSE
	EndGlobalSection
	GlobalSection(ExtensibilityGlobals) = postSolution
		SolutionGuid = {34C224A9-5352-4C55-8C91-0AF048986F69}
	EndGlobalSection
EndGlobal
