
Microsoft Visual Studio Solution File, Format Version 12.00
# Visual Studio 2012
Project("{FAE04EC0-301F-11D3-BF4B-00C04F79EFBC}") = "Premium", "Premium\Premium.csproj", "{44FE8D2B-12C4-434F-B6D8-7895EB19EDC3}"
EndProject
Project("{FAE04EC0-301F-11D3-BF4B-00C04F79EFBC}") = "2 - DataAccess", "DataAccess\2 - DataAccess.csproj", "{97DDCAC4-9A01-4C40-8D82-99C1E3C7C02A}"
EndProject
Project("{FAE04EC0-301F-11D3-BF4B-00C04F79EFBC}") = "3 - Common", "Common\3 - Common.csproj", "{CEF139E4-ED3F-42C1-AD6C-98DC56ACF589}"
EndProject
Global
	GlobalSection(SolutionConfigurationPlatforms) = preSolution
		Debug|Any CPU = Debug|Any CPU
		Release|Any CPU = Release|Any CPU
	EndGlobalSection
	GlobalSection(ProjectConfigurationPlatforms) = postSolution
		{44FE8D2B-12C4-434F-B6D8-7895EB19EDC3}.Debug|Any CPU.ActiveCfg = Debug|Any CPU
		{44FE8D2B-12C4-434F-B6D8-7895EB19EDC3}.Debug|Any CPU.Build.0 = Debug|Any CPU
		{44FE8D2B-12C4-434F-B6D8-7895EB19EDC3}.Release|Any CPU.ActiveCfg = Release|Any CPU
		{44FE8D2B-12C4-434F-B6D8-7895EB19EDC3}.Release|Any CPU.Build.0 = Release|Any CPU
		{97DDCAC4-9A01-4C40-8D82-99C1E3C7C02A}.Debug|Any CPU.ActiveCfg = Debug|Any CPU
		{97DDCAC4-9A01-4C40-8D82-99C1E3C7C02A}.Debug|Any CPU.Build.0 = Debug|Any CPU
		{97DDCAC4-9A01-4C40-8D82-99C1E3C7C02A}.Release|Any CPU.ActiveCfg = Release|Any CPU
		{97DDCAC4-9A01-4C40-8D82-99C1E3C7C02A}.Release|Any CPU.Build.0 = Release|Any CPU
		{CEF139E4-ED3F-42C1-AD6C-98DC56ACF589}.Debug|Any CPU.ActiveCfg = Debug|Any CPU
		{CEF139E4-ED3F-42C1-AD6C-98DC56ACF589}.Debug|Any CPU.Build.0 = Debug|Any CPU
		{CEF139E4-ED3F-42C1-AD6C-98DC56ACF589}.Release|Any CPU.ActiveCfg = Release|Any CPU
		{CEF139E4-ED3F-42C1-AD6C-98DC56ACF589}.Release|Any CPU.Build.0 = Release|Any CPU
	EndGlobalSection
	GlobalSection(SolutionProperties) = preSolution
		HideSolutionNode = FALSE
	EndGlobalSection
EndGlobal
