
Microsoft Visual Studio Solution File, Format Version 12.00
# Visual Studio 15
VisualStudioVersion = 15.0.28307.1022
MinimumVisualStudioVersion = 10.0.40219.1
Project("{9A19103F-16F7-4668-BE54-9A1E7A4F7556}") = "MovileWeb", "MovileWeb.csproj", "{39B46FCC-3E9C-4B09-8906-66CBCB2A718E}"
EndProject
Project("{9A19103F-16F7-4668-BE54-9A1E7A4F7556}") = "Common", "..\..\Core.Common\trunk\Common\Common.csproj", "{570F5F26-F207-459A-AB53-BB8718D7C440}"
EndProject
Global
	GlobalSection(SolutionConfigurationPlatforms) = preSolution
		Debug|Any CPU = Debug|Any CPU
		Release|Any CPU = Release|Any CPU
	EndGlobalSection
	GlobalSection(ProjectConfigurationPlatforms) = postSolution
		{39B46FCC-3E9C-4B09-8906-66CBCB2A718E}.Debug|Any CPU.ActiveCfg = Debug|Any CPU
		{39B46FCC-3E9C-4B09-8906-66CBCB2A718E}.Debug|Any CPU.Build.0 = Debug|Any CPU
		{39B46FCC-3E9C-4B09-8906-66CBCB2A718E}.Release|Any CPU.ActiveCfg = Release|Any CPU
		{39B46FCC-3E9C-4B09-8906-66CBCB2A718E}.Release|Any CPU.Build.0 = Release|Any CPU
		{570F5F26-F207-459A-AB53-BB8718D7C440}.Debug|Any CPU.ActiveCfg = Debug|Any CPU
		{570F5F26-F207-459A-AB53-BB8718D7C440}.Debug|Any CPU.Build.0 = Debug|Any CPU
		{570F5F26-F207-459A-AB53-BB8718D7C440}.Release|Any CPU.ActiveCfg = Release|Any CPU
		{570F5F26-F207-459A-AB53-BB8718D7C440}.Release|Any CPU.Build.0 = Release|Any CPU
	EndGlobalSection
	GlobalSection(SolutionProperties) = preSolution
		HideSolutionNode = FALSE
	EndGlobalSection
	GlobalSection(ExtensibilityGlobals) = postSolution
		SolutionGuid = {AE909D07-F5B6-49DC-ADE4-344D00E7364E}
	EndGlobalSection
EndGlobal
