
Microsoft Visual Studio Solution File, Format Version 12.00
# Visual Studio Version 16
VisualStudioVersion = 16.0.29709.97
MinimumVisualStudioVersion = 10.0.40219.1
Project("{FAE04EC0-301F-11D3-BF4B-00C04F79EFBC}") = "SampleReports", "SampleReports.csproj", "{774F9B23-B579-4099-8AAA-CE74AC80E262}"
EndProject
Global
	GlobalSection(SolutionConfigurationPlatforms) = preSolution
		Debug|Any CPU = Debug|Any CPU
		Release|Any CPU = Release|Any CPU
	EndGlobalSection
	GlobalSection(ProjectConfigurationPlatforms) = postSolution
		{774F9B23-B579-4099-8AAA-CE74AC80E262}.Debug|Any CPU.ActiveCfg = Debug|Any CPU
		{774F9B23-B579-4099-8AAA-CE74AC80E262}.Debug|Any CPU.Build.0 = Debug|Any CPU
		{774F9B23-B579-4099-8AAA-CE74AC80E262}.Release|Any CPU.ActiveCfg = Release|Any CPU
		{774F9B23-B579-4099-8AAA-CE74AC80E262}.Release|Any CPU.Build.0 = Release|Any CPU
	EndGlobalSection
	GlobalSection(SolutionProperties) = preSolution
		HideSolutionNode = FALSE
	EndGlobalSection
	GlobalSection(ExtensibilityGlobals) = postSolution
		SolutionGuid = {4663A544-C13C-498C-BB9C-D3239DB6E2E7}
	EndGlobalSection
EndGlobal
